
Microsoft Visual Studio Solution File, Format Version 11.00
# Visual Studio 2010
Project("{FAE04EC0-301F-11D3-BF4B-00C04F79EFBC}") = "SchedulingQuest", "SchedulingQuest\SchedulingQuest.csproj", "{32FDBF9B-DA71-4EC0-B909-83D246731576}"
EndProject
Global
	GlobalSection(SolutionConfigurationPlatforms) = preSolution
		Debug|x86 = Debug|x86
		Release|x86 = Release|x86
	EndGlobalSection
	GlobalSection(ProjectConfigurationPlatforms) = postSolution
		{32FDBF9B-DA71-4EC0-B909-83D246731576}.Debug|x86.ActiveCfg = Debug|x86
		{32FDBF9B-DA71-4EC0-B909-83D246731576}.Debug|x86.Build.0 = Debug|x86
		{32FDBF9B-DA71-4EC0-B909-83D246731576}.Release|x86.ActiveCfg = Release|x86
		{32FDBF9B-DA71-4EC0-B909-83D246731576}.Release|x86.Build.0 = Release|x86
	EndGlobalSection
	GlobalSection(SolutionProperties) = preSolution
		HideSolutionNode = FALSE
	EndGlobalSection
EndGlobal
